
Microsoft Visual Studio Solution File, Format Version 12.00
# Visual Studio 15
VisualStudioVersion = 15.0.26124.0
MinimumVisualStudioVersion = 15.0.26124.0
Project("{2150E333-8FDC-42A3-9474-1A3956D46DE8}") = "src", "src", "{B039EAB4-2E24-4112-BF81-92B5534DE248}"
EndProject
Project("{FAE04EC0-301F-11D3-BF4B-00C04F79EFBC}") = "Api", "src\Api\Api.csproj", "{62DBA42C-D3CB-4F72-8A63-073D9328E1F1}"
EndProject
Project("{FAE04EC0-301F-11D3-BF4B-00C04F79EFBC}") = "Cli", "src\Cli\Cli.csproj", "{6AF851D1-5094-4860-BB3C-18990AEF540E}"
EndProject
Project("{FAE04EC0-301F-11D3-BF4B-00C04F79EFBC}") = "Migrations", "src\Migrations\Migrations.csproj", "{BCFC7C8F-C2ED-45DE-9B45-C5468FC25440}"
EndProject
Project("{9A19103F-16F7-4668-BE54-9A1E7A4F7556}") = "Build", "build\Build.csproj", "{4C26B5C0-A585-4A3B-A02D-1BFD414DC9AF}"
EndProject
Project("{FAE04EC0-301F-11D3-BF4B-00C04F79EFBC}") = "Web", "src\Web\Web.csproj", "{FA8BFE61-97B7-4C89-8836-4DF64A9C50A2}"
EndProject
Global
	GlobalSection(SolutionConfigurationPlatforms) = preSolution
		Debug|Any CPU = Debug|Any CPU
		Debug|x64 = Debug|x64
		Debug|x86 = Debug|x86
		Release|Any CPU = Release|Any CPU
		Release|x64 = Release|x64
		Release|x86 = Release|x86
	EndGlobalSection
	GlobalSection(SolutionProperties) = preSolution
		HideSolutionNode = FALSE
	EndGlobalSection
	GlobalSection(ProjectConfigurationPlatforms) = postSolution
		{4C26B5C0-A585-4A3B-A02D-1BFD414DC9AF}.Debug|Any CPU.ActiveCfg = Debug|Any CPU
		{4C26B5C0-A585-4A3B-A02D-1BFD414DC9AF}.Release|Any CPU.ActiveCfg = Release|Any CPU
		{62DBA42C-D3CB-4F72-8A63-073D9328E1F1}.Debug|Any CPU.ActiveCfg = Debug|Any CPU
		{62DBA42C-D3CB-4F72-8A63-073D9328E1F1}.Debug|Any CPU.Build.0 = Debug|Any CPU
		{62DBA42C-D3CB-4F72-8A63-073D9328E1F1}.Debug|x64.ActiveCfg = Debug|Any CPU
		{62DBA42C-D3CB-4F72-8A63-073D9328E1F1}.Debug|x64.Build.0 = Debug|Any CPU
		{62DBA42C-D3CB-4F72-8A63-073D9328E1F1}.Debug|x86.ActiveCfg = Debug|Any CPU
		{62DBA42C-D3CB-4F72-8A63-073D9328E1F1}.Debug|x86.Build.0 = Debug|Any CPU
		{62DBA42C-D3CB-4F72-8A63-073D9328E1F1}.Release|Any CPU.ActiveCfg = Release|Any CPU
		{62DBA42C-D3CB-4F72-8A63-073D9328E1F1}.Release|Any CPU.Build.0 = Release|Any CPU
		{62DBA42C-D3CB-4F72-8A63-073D9328E1F1}.Release|x64.ActiveCfg = Release|Any CPU
		{62DBA42C-D3CB-4F72-8A63-073D9328E1F1}.Release|x64.Build.0 = Release|Any CPU
		{62DBA42C-D3CB-4F72-8A63-073D9328E1F1}.Release|x86.ActiveCfg = Release|Any CPU
		{62DBA42C-D3CB-4F72-8A63-073D9328E1F1}.Release|x86.Build.0 = Release|Any CPU
		{6AF851D1-5094-4860-BB3C-18990AEF540E}.Debug|Any CPU.ActiveCfg = Debug|Any CPU
		{6AF851D1-5094-4860-BB3C-18990AEF540E}.Debug|Any CPU.Build.0 = Debug|Any CPU
		{6AF851D1-5094-4860-BB3C-18990AEF540E}.Debug|x64.ActiveCfg = Debug|Any CPU
		{6AF851D1-5094-4860-BB3C-18990AEF540E}.Debug|x64.Build.0 = Debug|Any CPU
		{6AF851D1-5094-4860-BB3C-18990AEF540E}.Debug|x86.ActiveCfg = Debug|Any CPU
		{6AF851D1-5094-4860-BB3C-18990AEF540E}.Debug|x86.Build.0 = Debug|Any CPU
		{6AF851D1-5094-4860-BB3C-18990AEF540E}.Release|Any CPU.ActiveCfg = Release|Any CPU
		{6AF851D1-5094-4860-BB3C-18990AEF540E}.Release|Any CPU.Build.0 = Release|Any CPU
		{6AF851D1-5094-4860-BB3C-18990AEF540E}.Release|x64.ActiveCfg = Release|Any CPU
		{6AF851D1-5094-4860-BB3C-18990AEF540E}.Release|x64.Build.0 = Release|Any CPU
		{6AF851D1-5094-4860-BB3C-18990AEF540E}.Release|x86.ActiveCfg = Release|Any CPU
		{6AF851D1-5094-4860-BB3C-18990AEF540E}.Release|x86.Build.0 = Release|Any CPU
		{BCFC7C8F-C2ED-45DE-9B45-C5468FC25440}.Debug|Any CPU.ActiveCfg = Debug|Any CPU
		{BCFC7C8F-C2ED-45DE-9B45-C5468FC25440}.Debug|Any CPU.Build.0 = Debug|Any CPU
		{BCFC7C8F-C2ED-45DE-9B45-C5468FC25440}.Debug|x64.ActiveCfg = Debug|Any CPU
		{BCFC7C8F-C2ED-45DE-9B45-C5468FC25440}.Debug|x64.Build.0 = Debug|Any CPU
		{BCFC7C8F-C2ED-45DE-9B45-C5468FC25440}.Debug|x86.ActiveCfg = Debug|Any CPU
		{BCFC7C8F-C2ED-45DE-9B45-C5468FC25440}.Debug|x86.Build.0 = Debug|Any CPU
		{BCFC7C8F-C2ED-45DE-9B45-C5468FC25440}.Release|Any CPU.ActiveCfg = Release|Any CPU
		{BCFC7C8F-C2ED-45DE-9B45-C5468FC25440}.Release|Any CPU.Build.0 = Release|Any CPU
		{BCFC7C8F-C2ED-45DE-9B45-C5468FC25440}.Release|x64.ActiveCfg = Release|Any CPU
		{BCFC7C8F-C2ED-45DE-9B45-C5468FC25440}.Release|x64.Build.0 = Release|Any CPU
		{BCFC7C8F-C2ED-45DE-9B45-C5468FC25440}.Release|x86.ActiveCfg = Release|Any CPU
		{BCFC7C8F-C2ED-45DE-9B45-C5468FC25440}.Release|x86.Build.0 = Release|Any CPU
		{FA8BFE61-97B7-4C89-8836-4DF64A9C50A2}.Debug|Any CPU.ActiveCfg = Debug|Any CPU
		{FA8BFE61-97B7-4C89-8836-4DF64A9C50A2}.Debug|Any CPU.Build.0 = Debug|Any CPU
		{FA8BFE61-97B7-4C89-8836-4DF64A9C50A2}.Debug|x64.ActiveCfg = Debug|Any CPU
		{FA8BFE61-97B7-4C89-8836-4DF64A9C50A2}.Debug|x64.Build.0 = Debug|Any CPU
		{FA8BFE61-97B7-4C89-8836-4DF64A9C50A2}.Debug|x86.ActiveCfg = Debug|Any CPU
		{FA8BFE61-97B7-4C89-8836-4DF64A9C50A2}.Debug|x86.Build.0 = Debug|Any CPU
		{FA8BFE61-97B7-4C89-8836-4DF64A9C50A2}.Release|Any CPU.ActiveCfg = Release|Any CPU
		{FA8BFE61-97B7-4C89-8836-4DF64A9C50A2}.Release|Any CPU.Build.0 = Release|Any CPU
		{FA8BFE61-97B7-4C89-8836-4DF64A9C50A2}.Release|x64.ActiveCfg = Release|Any CPU
		{FA8BFE61-97B7-4C89-8836-4DF64A9C50A2}.Release|x64.Build.0 = Release|Any CPU
		{FA8BFE61-97B7-4C89-8836-4DF64A9C50A2}.Release|x86.ActiveCfg = Release|Any CPU
		{FA8BFE61-97B7-4C89-8836-4DF64A9C50A2}.Release|x86.Build.0 = Release|Any CPU
	EndGlobalSection
	GlobalSection(NestedProjects) = preSolution
		{62DBA42C-D3CB-4F72-8A63-073D9328E1F1} = {B039EAB4-2E24-4112-BF81-92B5534DE248}
		{6AF851D1-5094-4860-BB3C-18990AEF540E} = {B039EAB4-2E24-4112-BF81-92B5534DE248}
		{BCFC7C8F-C2ED-45DE-9B45-C5468FC25440} = {B039EAB4-2E24-4112-BF81-92B5534DE248}
		{FA8BFE61-97B7-4C89-8836-4DF64A9C50A2} = {B039EAB4-2E24-4112-BF81-92B5534DE248}
	EndGlobalSection
EndGlobal
